// !$*UTF8*$!
{
	archiveVersion = 1;
	classes = {
	};
	objectVersion = 50;
	objects = {

/* Begin PBXBuildFile section */
		A8654DE422AE21DE0014BD87 /* AppDelegate.swift in Sources */ = {isa = PBXBuildFile; fileRef = A8654DE322AE21DE0014BD87 /* AppDelegate.swift */; };
		A8654DE622AE21DE0014BD87 /* ViewController.swift in Sources */ = {isa = PBXBuildFile; fileRef = A8654DE522AE21DE0014BD87 /* ViewController.swift */; };
		A8654DE922AE21DE0014BD87 /* Main.storyboard in Resources */ = {isa = PBXBuildFile; fileRef = A8654DE722AE21DE0014BD87 /* Main.storyboard */; };
		A8654DEC22AE21DE0014BD87 /* MITAKE_assignment.xcdatamodeld in Sources */ = {isa = PBXBuildFile; fileRef = A8654DEA22AE21DE0014BD87 /* MITAKE_assignment.xcdatamodeld */; };
		A8654DEE22AE21E30014BD87 /* Assets.xcassets in Resources */ = {isa = PBXBuildFile; fileRef = A8654DED22AE21E30014BD87 /* Assets.xcassets */; };
		A8654DF122AE21E30014BD87 /* LaunchScreen.storyboard in Resources */ = {isa = PBXBuildFile; fileRef = A8654DEF22AE21E30014BD87 /* LaunchScreen.storyboard */; };
		A8654DF922AE25F60014BD87 /* Trend.swift in Sources */ = {isa = PBXBuildFile; fileRef = A8654DF822AE25F60014BD87 /* Trend.swift */; };
		A8654DFB22AE2D9F0014BD87 /* trend_2201.json in Resources */ = {isa = PBXBuildFile; fileRef = A8654DFA22AE2D9F0014BD87 /* trend_2201.json */; };
		A8654DFF22AE42B10014BD87 /* TrendManager.swift in Sources */ = {isa = PBXBuildFile; fileRef = A8654DFE22AE42B10014BD87 /* TrendManager.swift */; };
/* End PBXBuildFile section */

/* Begin PBXFileReference section */
		A8654DE022AE21DE0014BD87 /* MITAKE_assignment.app */ = {isa = PBXFileReference; explicitFileType = wrapper.application; includeInIndex = 0; path = MITAKE_assignment.app; sourceTree = BUILT_PRODUCTS_DIR; };
		A8654DE322AE21DE0014BD87 /* AppDelegate.swift */ = {isa = PBXFileReference; lastKnownFileType = sourcecode.swift; path = AppDelegate.swift; sourceTree = "<group>"; };
		A8654DE522AE21DE0014BD87 /* ViewController.swift */ = {isa = PBXFileReference; lastKnownFileType = sourcecode.swift; path = ViewController.swift; sourceTree = "<group>"; };
		A8654DE822AE21DE0014BD87 /* Base */ = {isa = PBXFileReference; lastKnownFileType = file.storyboard; name = Base; path = Base.lproj/Main.storyboard; sourceTree = "<group>"; };
		A8654DEB22AE21DE0014BD87 /* MITAKE_assignment.xcdatamodel */ = {isa = PBXFileReference; lastKnownFileType = wrapper.xcdatamodel; path = MITAKE_assignment.xcdatamodel; sourceTree = "<group>"; };
		A8654DED22AE21E30014BD87 /* Assets.xcassets */ = {isa = PBXFileReference; lastKnownFileType = folder.assetcatalog; path = Assets.xcassets; sourceTree = "<group>"; };
		A8654DF022AE21E30014BD87 /* Base */ = {isa = PBXFileReference; lastKnownFileType = file.storyboard; name = Base; path = Base.lproj/LaunchScreen.storyboard; sourceTree = "<group>"; };
		A8654DF222AE21E30014BD87 /* Info.plist */ = {isa = PBXFileReference; lastKnownFileType = text.plist.xml; path = Info.plist; sourceTree = "<group>"; };
		A8654DF822AE25F60014BD87 /* Trend.swift */ = {isa = PBXFileReference; lastKnownFileType = sourcecode.swift; path = Trend.swift; sourceTree = "<group>"; };
		A8654DFA22AE2D9F0014BD87 /* trend_2201.json */ = {isa = PBXFileReference; fileEncoding = 4; lastKnownFileType = text.json; path = trend_2201.json; sourceTree = "<group>"; };
		A8654DFE22AE42B10014BD87 /* TrendManager.swift */ = {isa = PBXFileReference; lastKnownFileType = sourcecode.swift; path = TrendManager.swift; sourceTree = "<group>"; };
/* End PBXFileReference section */

/* Begin PBXFrameworksBuildPhase section */
		A8654DDD22AE21DE0014BD87 /* Frameworks */ = {
			isa = PBXFrameworksBuildPhase;
			buildActionMask = 2147483647;
			files = (
			);
			runOnlyForDeploymentPostprocessing = 0;
		};
/* End PBXFrameworksBuildPhase section */

/* Begin PBXGroup section */
		A8654DD722AE21DD0014BD87 = {
			isa = PBXGroup;
			children = (
				A8654DE222AE21DE0014BD87 /* MITAKE_assignment */,
				A8654DE122AE21DE0014BD87 /* Products */,
			);
			sourceTree = "<group>";
		};
		A8654DE122AE21DE0014BD87 /* Products */ = {
			isa = PBXGroup;
			children = (
				A8654DE022AE21DE0014BD87 /* MITAKE_assignment.app */,
			);
			name = Products;
			sourceTree = "<group>";
		};
		A8654DE222AE21DE0014BD87 /* MITAKE_assignment */ = {
			isa = PBXGroup;
			children = (
				A8654DFD22AE3D350014BD87 /* Controller */,
				A8654DFC22AE3D200014BD87 /* Model */,
				A8654DE322AE21DE0014BD87 /* AppDelegate.swift */,
				A8654DE722AE21DE0014BD87 /* Main.storyboard */,
				A8654DED22AE21E30014BD87 /* Assets.xcassets */,
				A8654DEF22AE21E30014BD87 /* LaunchScreen.storyboard */,
				A8654DF222AE21E30014BD87 /* Info.plist */,
				A8654DEA22AE21DE0014BD87 /* MITAKE_assignment.xcdatamodeld */,
			);
			path = MITAKE_assignment;
			sourceTree = "<group>";
		};
		A8654DFC22AE3D200014BD87 /* Model */ = {
			isa = PBXGroup;
			children = (
				A8654DF822AE25F60014BD87 /* Trend.swift */,
				A8654DFA22AE2D9F0014BD87 /* trend_2201.json */,
				A8654DFE22AE42B10014BD87 /* TrendManager.swift */,
			);
			path = Model;
			sourceTree = "<group>";
		};
		A8654DFD22AE3D350014BD87 /* Controller */ = {
			isa = PBXGroup;
			children = (
				A8654DE522AE21DE0014BD87 /* ViewController.swift */,
			);
			path = Controller;
			sourceTree = "<group>";
		};
/* End PBXGroup section */

/* Begin PBXNativeTarget section */
		A8654DDF22AE21DE0014BD87 /* MITAKE_assignment */ = {
			isa = PBXNativeTarget;
			buildConfigurationList = A8654DF522AE21E30014BD87 /* Build configuration list for PBXNativeTarget "MITAKE_assignment" */;
			buildPhases = (
				A8654DDC22AE21DE0014BD87 /* Sources */,
				A8654DDD22AE21DE0014BD87 /* Frameworks */,
				A8654DDE22AE21DE0014BD87 /* Resources */,
			);
			buildRules = (
			);
			dependencies = (
			);
			name = MITAKE_assignment;
			productName = MITAKE_assignment;
			productReference = A8654DE022AE21DE0014BD87 /* MITAKE_assignment.app */;
			productType = "com.apple.product-type.application";
		};
/* End PBXNativeTarget section */

/* Begin PBXProject section */
		A8654DD822AE21DD0014BD87 /* Project object */ = {
			isa = PBXProject;
			attributes = {
				LastSwiftUpdateCheck = 1010;
				LastUpgradeCheck = 1010;
				ORGANIZATIONNAME = "蔡佳宣";
				TargetAttributes = {
					A8654DDF22AE21DE0014BD87 = {
						CreatedOnToolsVersion = 10.1;
					};
				};
			};
			buildConfigurationList = A8654DDB22AE21DE0014BD87 /* Build configuration list for PBXProject "MITAKE_assignment" */;
			compatibilityVersion = "Xcode 9.3";
			developmentRegion = en;
			hasScannedForEncodings = 0;
			knownRegions = (
				en,
				Base,
			);
			mainGroup = A8654DD722AE21DD0014BD87;
			productRefGroup = A8654DE122AE21DE0014BD87 /* Products */;
			projectDirPath = "";
			projectRoot = "";
			targets = (
				A8654DDF22AE21DE0014BD87 /* MITAKE_assignment */,
			);
		};
/* End PBXProject section */

/* Begin PBXResourcesBuildPhase section */
		A8654DDE22AE21DE0014BD87 /* Resources */ = {
			isa = PBXResourcesBuildPhase;
			buildActionMask = 2147483647;
			files = (
				A8654DFB22AE2D9F0014BD87 /* trend_2201.json in Resources */,
				A8654DF122AE21E30014BD87 /* LaunchScreen.storyboard in Resources */,
				A8654DEE22AE21E30014BD87 /* Assets.xcassets in Resources */,
				A8654DE922AE21DE0014BD87 /* Main.storyboard in Resources */,
			);
			runOnlyForDeploymentPostprocessing = 0;
		};
/* End PBXResourcesBuildPhase section */

/* Begin PBXSourcesBuildPhase section */
		A8654DDC22AE21DE0014BD87 /* Sources */ = {
			isa = PBXSourcesBuildPhase;
			buildActionMask = 2147483647;
			files = (
				A8654DE622AE21DE0014BD87 /* ViewController.swift in Sources */,
				A8654DE422AE21DE0014BD87 /* AppDelegate.swift in Sources */,
				A8654DEC22AE21DE0014BD87 /* MITAKE_assignment.xcdatamodeld in Sources */,
				A8654DFF22AE42B10014BD87 /* TrendManager.swift in Sources */,
				A8654DF922AE25F60014BD87 /* Trend.swift in Sources */,
			);
			runOnlyForDeploymentPostprocessing = 0;
		};
/* End PBXSourcesBuildPhase section */

/* Begin PBXVariantGroup section */
		A8654DE722AE21DE0014BD87 /* Main.storyboard */ = {
			isa = PBXVariantGroup;
			children = (
				A8654DE822AE21DE0014BD87 /* Base */,
			);
			name = Main.storyboard;
			sourceTree = "<group>";
		};
		A8654DEF22AE21E30014BD87 /* LaunchScreen.storyboard */ = {
			isa = PBXVariantGroup;
			children = (
				A8654DF022AE21E30014BD87 /* Base */,
			);
			name = LaunchScreen.storyboard;
			sourceTree = "<group>";
		};
/* End PBXVariantGroup section */

/* Begin XCBuildConfiguration section */
		A8654DF322AE21E30014BD87 /* Debug */ = {
			isa = XCBuildConfiguration;
			buildSettings = {
				ALWAYS_SEARCH_USER_PATHS = NO;
				CLANG_ANALYZER_NONNULL = YES;
				CLANG_ANALYZER_NUMBER_OBJECT_CONVERSION = YES_AGGRESSIVE;
				CLANG_CXX_LANGUAGE_STANDARD = "gnu++14";
				CLANG_CXX_LIBRARY = "libc++";
				CLANG_ENABLE_MODULES = YES;
				CLANG_ENABLE_OBJC_ARC = YES;
				CLANG_ENABLE_OBJC_WEAK = YES;
				CLANG_WARN_BLOCK_CAPTURE_AUTORELEASING = YES;
				CLANG_WARN_BOOL_CONVERSION = YES;
				CLANG_WARN_COMMA = YES;
				CLANG_WARN_CONSTANT_CONVERSION = YES;
				CLANG_WARN_DEPRECATED_OBJC_IMPLEMENTATIONS = YES;
				CLANG_WARN_DIRECT_OBJC_ISA_USAGE = YES_ERROR;
				CLANG_WARN_DOCUMENTATION_COMMENTS = YES;
				CLANG_WARN_EMPTY_BODY = YES;
				CLANG_WARN_ENUM_CONVERSION = YES;
				CLANG_WARN_INFINITE_RECURSION = YES;
				CLANG_WARN_INT_CONVERSION = YES;
				CLANG_WARN_NON_LITERAL_NULL_CONVERSION = YES;
				CLANG_WARN_OBJC_IMPLICIT_RETAIN_SELF = YES;
				CLANG_WARN_OBJC_LITERAL_CONVERSION = YES;
				CLANG_WARN_OBJC_ROOT_CLASS = YES_ERROR;
				CLANG_WARN_RANGE_LOOP_ANALYSIS = YES;
				CLANG_WARN_STRICT_PROTOTYPES = YES;
				CLANG_WARN_SUSPICIOUS_MOVE = YES;
				CLANG_WARN_UNGUARDED_AVAILABILITY = YES_AGGRESSIVE;
				CLANG_WARN_UNREACHABLE_CODE = YES;
				CLANG_WARN__DUPLICATE_METHOD_MATCH = YES;
				CODE_SIGN_IDENTITY = "iPhone Developer";
				COPY_PHASE_STRIP = NO;
				DEBUG_INFORMATION_FORMAT = dwarf;
				ENABLE_STRICT_OBJC_MSGSEND = YES;
				ENABLE_TESTABILITY = YES;
				GCC_C_LANGUAGE_STANDARD = gnu11;
				GCC_DYNAMIC_NO_PIC = NO;
				GCC_NO_COMMON_BLOCKS = YES;
				GCC_OPTIMIZATION_LEVEL = 0;
				GCC_PREPROCESSOR_DEFINITIONS = (
					"DEBUG=1",
					"$(inherited)",
				);
				GCC_WARN_64_TO_32_BIT_CONVERSION = YES;
				GCC_WARN_ABOUT_RETURN_TYPE = YES_ERROR;
				GCC_WARN_UNDECLARED_SELECTOR = YES;
				GCC_WARN_UNINITIALIZED_AUTOS = YES_AGGRESSIVE;
				GCC_WARN_UNUSED_FUNCTION = YES;
				GCC_WARN_UNUSED_VARIABLE = YES;
				IPHONEOS_DEPLOYMENT_TARGET = 12.1;
				MTL_ENABLE_DEBUG_INFO = INCLUDE_SOURCE;
				MTL_FAST_MATH = YES;
				ONLY_ACTIVE_ARCH = YES;
				SDKROOT = iphoneos;
				SWIFT_ACTIVE_COMPILATION_CONDITIONS = DEBUG;
				SWIFT_OPTIMIZATION_LEVEL = "-Onone";
			};
			name = Debug;
		};
		A8654DF422AE21E30014BD87 /* Release */ = {
			isa = XCBuildConfiguration;
			buildSettings = {
				ALWAYS_SEARCH_USER_PATHS = NO;
				CLANG_ANALYZER_NONNULL = YES;
				CLANG_ANALYZER_NUMBER_OBJECT_CONVERSION = YES_AGGRESSIVE;
				CLANG_CXX_LANGUAGE_STANDARD = "gnu++14";
				CLANG_CXX_LIBRARY = "libc++";
				CLANG_ENABLE_MODULES = YES;
				CLANG_ENABLE_OBJC_ARC = YES;
				CLANG_ENABLE_OBJC_WEAK = YES;
				CLANG_WARN_BLOCK_CAPTURE_AUTORELEASING = YES;
				CLANG_WARN_BOOL_CONVERSION = YES;
				CLANG_WARN_COMMA = YES;
				CLANG_WARN_CONSTANT_CONVERSION = YES;
				CLANG_WARN_DEPRECATED_OBJC_IMPLEMENTATIONS = YES;
				CLANG_WARN_DIRECT_OBJC_ISA_USAGE = YES_ERROR;
				CLANG_WARN_DOCUMENTATION_COMMENTS = YES;
				CLANG_WARN_EMPTY_BODY = YES;
				CLANG_WARN_ENUM_CONVERSION = YES;
				CLANG_WARN_INFINITE_RECURSION = YES;
				CLANG_WARN_INT_CONVERSION = YES;
				CLANG_WARN_NON_LITERAL_NULL_CONVERSION = YES;
				CLANG_WARN_OBJC_IMPLICIT_RETAIN_SELF = YES;
				CLANG_WARN_OBJC_LITERAL_CONVERSION = YES;
				CLANG_WARN_OBJC_ROOT_CLASS = YES_ERROR;
				CLANG_WARN_RANGE_LOOP_ANALYSIS = YES;
				CLANG_WARN_STRICT_PROTOTYPES = YES;
				CLANG_WARN_SUSPICIOUS_MOVE = YES;
				CLANG_WARN_UNGUARDED_AVAILABILITY = YES_AGGRESSIVE;
				CLANG_WARN_UNREACHABLE_CODE = YES;
				CLANG_WARN__DUPLICATE_METHOD_MATCH = YES;
				CODE_SIGN_IDENTITY = "iPhone Developer";
				COPY_PHASE_STRIP = NO;
				DEBUG_INFORMATION_FORMAT = "dwarf-with-dsym";
				ENABLE_NS_ASSERTIONS = NO;
				ENABLE_STRICT_OBJC_MSGSEND = YES;
				GCC_C_LANGUAGE_STANDARD = gnu11;
				GCC_NO_COMMON_BLOCKS = YES;
				GCC_WARN_64_TO_32_BIT_CONVERSION = YES;
				GCC_WARN_ABOUT_RETURN_TYPE = YES_ERROR;
				GCC_WARN_UNDECLARED_SELECTOR = YES;
				GCC_WARN_UNINITIALIZED_AUTOS = YES_AGGRESSIVE;
				GCC_WARN_UNUSED_FUNCTION = YES;
				GCC_WARN_UNUSED_VARIABLE = YES;
				IPHONEOS_DEPLOYMENT_TARGET = 12.1;
				MTL_ENABLE_DEBUG_INFO = NO;
				MTL_FAST_MATH = YES;
				SDKROOT = iphoneos;
				SWIFT_COMPILATION_MODE = wholemodule;
				SWIFT_OPTIMIZATION_LEVEL = "-O";
				VALIDATE_PRODUCT = YES;
			};
			name = Release;
		};
		A8654DF622AE21E30014BD87 /* Debug */ = {
			isa = XCBuildConfiguration;
			buildSettings = {
				ASSETCATALOG_COMPILER_APPICON_NAME = AppIcon;
				CODE_SIGN_STYLE = Automatic;
				DEVELOPMENT_TEAM = Z4WPZJJ6S4;
				INFOPLIST_FILE = MITAKE_assignment/Info.plist;
				LD_RUNPATH_SEARCH_PATHS = (
					"$(inherited)",
					"@executable_path/Frameworks",
				);
				PRODUCT_BUNDLE_IDENTIFIER = "alexandra.MITAKE-assignment";
				PRODUCT_NAME = "$(TARGET_NAME)";
				SWIFT_VERSION = 4.2;
				TARGETED_DEVICE_FAMILY = "1,2";
			};
			name = Debug;
		};
		A8654DF722AE21E30014BD87 /* Release */ = {
			isa = XCBuildConfiguration;
			buildSettings = {
				ASSETCATALOG_COMPILER_APPICON_NAME = AppIcon;
				CODE_SIGN_STYLE = Automatic;
				DEVELOPMENT_TEAM = Z4WPZJJ6S4;
				INFOPLIST_FILE = MITAKE_assignment/Info.plist;
				LD_RUNPATH_SEARCH_PATHS = (
					"$(inherited)",
					"@executable_path/Frameworks",
				);
				PRODUCT_BUNDLE_IDENTIFIER = "alexandra.MITAKE-assignment";
				PRODUCT_NAME = "$(TARGET_NAME)";
				SWIFT_VERSION = 4.2;
				TARGETED_DEVICE_FAMILY = "1,2";
			};
			name = Release;
		};
/* End XCBuildConfiguration section */

/* Begin XCConfigurationList section */
		A8654DDB22AE21DE0014BD87 /* Build configuration list for PBXProject "MITAKE_assignment" */ = {
			isa = XCConfigurationList;
			buildConfigurations = (
				A8654DF322AE21E30014BD87 /* Debug */,
				A8654DF422AE21E30014BD87 /* Release */,
			);
			defaultConfigurationIsVisible = 0;
			defaultConfigurationName = Release;
		};
		A8654DF522AE21E30014BD87 /* Build configuration list for PBXNativeTarget "MITAKE_assignment" */ = {
			isa = XCConfigurationList;
			buildConfigurations = (
				A8654DF622AE21E30014BD87 /* Debug */,
				A8654DF722AE21E30014BD87 /* Release */,
			);
			defaultConfigurationIsVisible = 0;
			defaultConfigurationName = Release;
		};
/* End XCConfigurationList section */

/* Begin XCVersionGroup section */
		A8654DEA22AE21DE0014BD87 /* MITAKE_assignment.xcdatamodeld */ = {
			isa = XCVersionGroup;
			children = (
				A8654DEB22AE21DE0014BD87 /* MITAKE_assignment.xcdatamodel */,
			);
			currentVersion = A8654DEB22AE21DE0014BD87 /* MITAKE_assignment.xcdatamodel */;
			path = MITAKE_assignment.xcdatamodeld;
			sourceTree = "<group>";
			versionGroupType = wrapper.xcdatamodel;
		};
/* End XCVersionGroup section */
	};
	rootObject = A8654DD822AE21DD0014BD87 /* Project object */;
}
